
Microsoft Visual Studio Solution File, Format Version 12.00
# Visual Studio Version 16
VisualStudioVersion = 16.0.30002.166
MinimumVisualStudioVersion = 10.0.40219.1
Project("{FAE04EC0-301F-11D3-BF4B-00C04F79EFBC}") = "genpass", "genpass.csproj", "{B78738FA-66AE-4A2D-A826-5B10A6834D58}"
EndProject
Global
	GlobalSection(SolutionConfigurationPlatforms) = preSolution
		Debug|Any CPU = Debug|Any CPU
		Release|Any CPU = Release|Any CPU
	EndGlobalSection
	GlobalSection(ProjectConfigurationPlatforms) = postSolution
		{B78738FA-66AE-4A2D-A826-5B10A6834D58}.Debug|Any CPU.ActiveCfg = Debug|Any CPU
		{B78738FA-66AE-4A2D-A826-5B10A6834D58}.Debug|Any CPU.Build.0 = Debug|Any CPU
		{B78738FA-66AE-4A2D-A826-5B10A6834D58}.Release|Any CPU.ActiveCfg = Release|Any CPU
		{B78738FA-66AE-4A2D-A826-5B10A6834D58}.Release|Any CPU.Build.0 = Release|Any CPU
	EndGlobalSection
	GlobalSection(SolutionProperties) = preSolution
		HideSolutionNode = FALSE
	EndGlobalSection
	GlobalSection(ExtensibilityGlobals) = postSolution
		SolutionGuid = {54B295BF-18C5-45AF-9DC3-A44ABE549CB7}
	EndGlobalSection
EndGlobal
